
Microsoft Visual Studio Solution File, Format Version 12.00
Project("{FAE04EC0-301F-11D3-BF4B-00C04F79EFBC}") = "AuctionService", "AuctionService\AuctionService.csproj", "{044201A4-27BF-4992-9CB1-3569374AEAB4}"
EndProject
Global
	GlobalSection(SolutionConfigurationPlatforms) = preSolution
		Debug|Any CPU = Debug|Any CPU
		Release|Any CPU = Release|Any CPU
	EndGlobalSection
	GlobalSection(ProjectConfigurationPlatforms) = postSolution
		{044201A4-27BF-4992-9CB1-3569374AEAB4}.Debug|Any CPU.ActiveCfg = Debug|Any CPU
		{044201A4-27BF-4992-9CB1-3569374AEAB4}.Debug|Any CPU.Build.0 = Debug|Any CPU
		{044201A4-27BF-4992-9CB1-3569374AEAB4}.Release|Any CPU.ActiveCfg = Release|Any CPU
		{044201A4-27BF-4992-9CB1-3569374AEAB4}.Release|Any CPU.Build.0 = Release|Any CPU
	EndGlobalSection
EndGlobal
